{
  "name": "@dreamirl/de-plugin-gamescreen",
  "version": "1.0.0",
  "lockfileVersion": 1,
  "requires": true,
  "dependencies": {
    "@dreamirl/dreamengine": {
      "version": "github:dreamirl/dreamengine#12461a2477f9b2921c9fce7ebbbb0e9cf74e889d",
      "from": "github:dreamirl/dreamengine",
      "requires": {
        "howler": "^2.0.5",
        "pixi.js": "4.5.6",
        "pixijs-charm": "^0.1.4"
      }
    },
    "bit-twiddle": {
      "version": "1.0.2",
      "resolved": "https://registry.npmjs.org/bit-twiddle/-/bit-twiddle-1.0.2.tgz",
      "integrity": "sha1-DGwfq+KyPRcXPZpht7cJPrnhdp4="
    },
    "earcut": {
      "version": "2.1.4",
      "resolved": "https://registry.npmjs.org/earcut/-/earcut-2.1.4.tgz",
      "integrity": "sha512-ttRjmPD5oaTtXOoxhFp9aZvMB14kBjapYaiBuzBB1elOgSLU9P2Ev86G2OClBg+uspUXERsIzXKpUWweH2K4Xg=="
    },
    "es6-shim": {
      "version": "0.35.4",
      "resolved": "https://registry.npmjs.org/es6-shim/-/es6-shim-0.35.4.tgz",
      "integrity": "sha512-oJidbXjN/VWXZJs41E9JEqWzcFbjt43JupimIoVX82Thzt5qy1CiYezdhRmWkj3KOuwJ106IG/ZZrcFC6fgIUQ=="
    },
    "eventemitter3": {
      "version": "2.0.3",
      "resolved": "https://registry.npmjs.org/eventemitter3/-/eventemitter3-2.0.3.tgz",
      "integrity": "sha1-teEHm1n7XhuidxwKmTvgYKWMmbo="
    },
    "howler": {
      "version": "2.1.1",
      "resolved": "https://registry.npmjs.org/howler/-/howler-2.1.1.tgz",
      "integrity": "sha512-9nwyDCGxhAGMmNXDfMLv0M/uS/WUg2//jG6t96D8DqbbsVZgXQzsP/ZMItbWO/Fqg7Gg69kOv3xVSDzJdd7aqA=="
    },
    "ismobilejs": {
      "version": "0.4.1",
      "resolved": "https://registry.npmjs.org/ismobilejs/-/ismobilejs-0.4.1.tgz",
      "integrity": "sha1-Gl8SbHD+05yT2jgPpiy65XI+fcI="
    },
    "mini-signals": {
      "version": "1.2.0",
      "resolved": "https://registry.npmjs.org/mini-signals/-/mini-signals-1.2.0.tgz",
      "integrity": "sha1-RbCAE8X65RokqhqTXNMXye1yHXQ="
    },
    "object-assign": {
      "version": "4.1.1",
      "resolved": "https://registry.npmjs.org/object-assign/-/object-assign-4.1.1.tgz",
      "integrity": "sha1-IQmtx5ZYh8/AXLvUQsrIv7s2CGM="
    },
    "parse-uri": {
      "version": "1.0.0",
      "resolved": "https://registry.npmjs.org/parse-uri/-/parse-uri-1.0.0.tgz",
      "integrity": "sha1-KHLcwi8aeXrN4Vg9igrClVLdrCA="
    },
    "pixi-gl-core": {
      "version": "1.1.4",
      "resolved": "https://registry.npmjs.org/pixi-gl-core/-/pixi-gl-core-1.1.4.tgz",
      "integrity": "sha1-i0tcQzsx5Bm8N53FZc4bg1qRs3I="
    },
    "pixi.js": {
      "version": "4.5.6",
      "resolved": "https://registry.npmjs.org/pixi.js/-/pixi.js-4.5.6.tgz",
      "integrity": "sha1-VJFOeTX5qeNGkjufQk5S+kF1k80=",
      "requires": {
        "bit-twiddle": "^1.0.2",
        "earcut": "^2.0.7",
        "eventemitter3": "^2.0.0",
        "ismobilejs": "^0.4.0",
        "object-assign": "^4.0.1",
        "pixi-gl-core": "^1.0.3",
        "remove-array-items": "^1.0.0",
        "resource-loader": "^2.0.9"
      }
    },
    "pixijs-charm": {
      "version": "0.1.4",
      "resolved": "https://registry.npmjs.org/pixijs-charm/-/pixijs-charm-0.1.4.tgz",
      "integrity": "sha512-wJJZrpuFkDAk7hZsiS40LozT01h4Dg7qyxtgDkdpaUtxaK5ap+ZdqRIoCGl/V6ID/I5GDxz76lttKHWAdPy3pA==",
      "requires": {
        "es6-shim": "~0.35.3",
        "pixi.js": "~4.5.5"
      }
    },
    "remove-array-items": {
      "version": "1.1.1",
      "resolved": "https://registry.npmjs.org/remove-array-items/-/remove-array-items-1.1.1.tgz",
      "integrity": "sha512-MXW/jtHyl5F1PZI7NbpS8SOtympdLuF20aoWJT5lELR1p/HJDd5nqW8Eu9uLh/hCRY3FgvrIT5AwDCgBODklcA=="
    },
    "resource-loader": {
      "version": "2.2.3",
      "resolved": "https://registry.npmjs.org/resource-loader/-/resource-loader-2.2.3.tgz",
      "integrity": "sha512-SsxilncV7gxwr12clSq0E2HZh8QjcosVVSEAnZ3VF9VtBNNtO3UFxxXT9pJgkVEJUHAlXg26MkkTOMjyz1kDdw==",
      "requires": {
        "mini-signals": "^1.1.1",
        "parse-uri": "^1.0.0"
      }
    }
  }
}
